
Microsoft Visual Studio Solution File, Format Version 12.00
# Visual Studio Version 17
VisualStudioVersion = 17.8.34525.116
MinimumVisualStudioVersion = 10.0.40219.1
Project("{9A19103F-16F7-4668-BE54-9A1E7A4F7556}") = "SistemaClientes.Services", "SistemaClientes.Services\SistemaClientes.Services.csproj", "{22FA1941-6D5B-40EB-B3EF-889B54BCEF5A}"
EndProject
Project("{2150E333-8FDC-42A3-9474-1A3956D46DE8}") = "1 - API", "1 - API", "{2613E91A-D3FB-46C1-A3CC-933D79632FF4}"
EndProject
Project("{2150E333-8FDC-42A3-9474-1A3956D46DE8}") = "2 - DATA", "2 - DATA", "{0DC634AC-EF03-46AB-AFC1-38CAD0680DFA}"
EndProject
Project("{FAE04EC0-301F-11D3-BF4B-00C04F79EFBC}") = "ClientesApp", "ClientesApp\ClientesApp.csproj", "{F286FDF0-4362-412A-9C18-7F8CD972F934}"
EndProject
Global
	GlobalSection(SolutionConfigurationPlatforms) = preSolution
		Debug|Any CPU = Debug|Any CPU
		Release|Any CPU = Release|Any CPU
	EndGlobalSection
	GlobalSection(ProjectConfigurationPlatforms) = postSolution
		{22FA1941-6D5B-40EB-B3EF-889B54BCEF5A}.Debug|Any CPU.ActiveCfg = Debug|Any CPU
		{22FA1941-6D5B-40EB-B3EF-889B54BCEF5A}.Debug|Any CPU.Build.0 = Debug|Any CPU
		{22FA1941-6D5B-40EB-B3EF-889B54BCEF5A}.Release|Any CPU.ActiveCfg = Release|Any CPU
		{22FA1941-6D5B-40EB-B3EF-889B54BCEF5A}.Release|Any CPU.Build.0 = Release|Any CPU
		{F286FDF0-4362-412A-9C18-7F8CD972F934}.Debug|Any CPU.ActiveCfg = Debug|Any CPU
		{F286FDF0-4362-412A-9C18-7F8CD972F934}.Debug|Any CPU.Build.0 = Debug|Any CPU
		{F286FDF0-4362-412A-9C18-7F8CD972F934}.Release|Any CPU.ActiveCfg = Release|Any CPU
		{F286FDF0-4362-412A-9C18-7F8CD972F934}.Release|Any CPU.Build.0 = Release|Any CPU
	EndGlobalSection
	GlobalSection(SolutionProperties) = preSolution
		HideSolutionNode = FALSE
	EndGlobalSection
	GlobalSection(NestedProjects) = preSolution
		{22FA1941-6D5B-40EB-B3EF-889B54BCEF5A} = {2613E91A-D3FB-46C1-A3CC-933D79632FF4}
		{F286FDF0-4362-412A-9C18-7F8CD972F934} = {0DC634AC-EF03-46AB-AFC1-38CAD0680DFA}
	EndGlobalSection
	GlobalSection(ExtensibilityGlobals) = postSolution
		SolutionGuid = {F0CB0839-1810-4A6A-9559-3BF866499966}
	EndGlobalSection
EndGlobal
